DR-0001  ec8b0a890cdd0ffae93f371f37407c5c922fe6770f90f8c94fc4452e6f821a64
DR-0003  12a921f83c23baac2531b4521100dd741bdd97ef514485eacbcdc1e9572c0c9e
DR-0020  96c6705712cdde883a5dec81efe5fff635502150b805d99a7f60c5d4c0e93435
DR-0021  34daea96bcac30d35fef4b36adb34d38e3238b130d6de3d9da8b2b327076bf74
DR-0022  b13ac3ee1d9531d12e825de607475b91ac88ee1dad275170d310eae8780ed38c
DR-0023  4a557620ea32a7d529fd508aa513c67febe9f46eb3d83e3fc699b9d4be675008
DR-0024  be8c9d5f248461f3a1a13e72bb22a557a3a18093ea0029865d7e94b9a957d714
DR-0025  f87ef82f0546591f5c6cb3e3b2132de71b9004c5cbda1c93069481200d4dedc5
DR-0026  22cc28d6c45dc30c0e9f603afc043637b32f291f1760ef5bb2097a42c903bd68
DR-0027  192c371bfc3125f3baec17ce2cb88ebaec4d33872b146a0d56a8979aaa0c00a3
DR-0028  13afb5563a8bd0da978ed2d19267d0239a90418dfd1f6a1381be765f41c4df96
DR-0029  dc5e73c895f6df79a8911f3d9cfe75ba1e7005f5a41e622453117cdeafdc370f
DR-0030  7b16c4d75b336d0b5b032c3473e39e28a7ab33fe16784c80f981a30178c64411
DR-0031  efd6edda3fda66fd76c1c26211a0fe4b000cbe5fefc55091278a986cef58a676
